
Microsoft Visual Studio Solution File, Format Version 12.00
# Visual Studio Version 16
VisualStudioVersion = 16.0.32106.194
MinimumVisualStudioVersion = 10.0.40219.1
Project("{FAE04EC0-301F-11D3-BF4B-00C04F79EFBC}") = "Testing_Api", "Testing_Api\Testing_Api.csproj", "{748E3D55-86B4-456E-A82E-E7533A340652}"
EndProject
Global
	GlobalSection(SolutionConfigurationPlatforms) = preSolution
		Debug|Any CPU = Debug|Any CPU
		Release|Any CPU = Release|Any CPU
	EndGlobalSection
	GlobalSection(ProjectConfigurationPlatforms) = postSolution
		{748E3D55-86B4-456E-A82E-E7533A340652}.Debug|Any CPU.ActiveCfg = Debug|Any CPU
		{748E3D55-86B4-456E-A82E-E7533A340652}.Debug|Any CPU.Build.0 = Debug|Any CPU
		{748E3D55-86B4-456E-A82E-E7533A340652}.Release|Any CPU.ActiveCfg = Release|Any CPU
		{748E3D55-86B4-456E-A82E-E7533A340652}.Release|Any CPU.Build.0 = Release|Any CPU
	EndGlobalSection
	GlobalSection(SolutionProperties) = preSolution
		HideSolutionNode = FALSE
	EndGlobalSection
	GlobalSection(ExtensibilityGlobals) = postSolution
		SolutionGuid = {38C73C9B-CDFF-46DC-9668-C520E7CC2062}
	EndGlobalSection
EndGlobal
